{
  "pins" : [
    {
      "identity" : "appauth-ios",
      "kind" : "remoteSourceControl",
      "location" : "https://github.com/openid/AppAuth-iOS.git",
      "state" : {
        "revision" : "71cde449f13d453227e687458144bde372d30fc7",
        "version" : "1.6.2"
      }
    },
    {
      "identity" : "googlesignin-ios",
      "kind" : "remoteSourceControl",
      "location" : "https://github.com/google/GoogleSignIn-iOS",
      "state" : {
        "revision" : "7932d33686c1dc4d7df7a919aae47361d1cdfda4",
        "version" : "7.0.0"
      }
    },
    {
      "identity" : "gtm-session-fetcher",
      "kind" : "remoteSourceControl",
      "location" : "https://github.com/google/gtm-session-fetcher.git",
      "state" : {
        "revision" : "115f75e43851774934d695449a4836123c3246e1",
        "version" : "3.2.0"
      }
    },
    {
      "identity" : "gtmappauth",
      "kind" : "remoteSourceControl",
      "location" : "https://github.com/google/GTMAppAuth.git",
      "state" : {
        "revision" : "cee3c709307912d040bd1e06ca919875a92339c6",
        "version" : "2.0.0"
      }
    },
    {
      "identity" : "ios-backend-sdk",
      "kind" : "remoteSourceControl",
      "location" : "https://github.com/marto171/iOS-Backend-SDK.git",
      "state" : {
        "branch" : "main",
        "revision" : "e0964adf6b87ea36da1c8c68eb143dd1481bf673"
      }
    },
    {
      "identity" : "jsoncoder",
      "kind" : "remoteSourceControl",
      "location" : "https://github.com/ikok07/JSONCoder.git",
      "state" : {
        "branch" : "main",
        "revision" : "cba1dc8540a0a9ee0d6d59b4b73cfbad8b34f141"
      }
    },
    {
      "identity" : "networkrequests",
      "kind" : "remoteSourceControl",
      "location" : "https://github.com/ikok07/NetworkRequests.git",
      "state" : {
        "branch" : "main",
        "revision" : "3f779bd50a9f9a61fc8b897e5c51fa608d269b0b"
      }
    },
    {
      "identity" : "realm-core",
      "kind" : "remoteSourceControl",
      "location" : "https://github.com/realm/realm-core.git",
      "state" : {
        "revision" : "31bcd833c8f67b02f319bede83a05c65868258a9",
        "version" : "13.24.1"
      }
    },
    {
      "identity" : "realm-swift",
      "kind" : "remoteSourceControl",
      "location" : "https://github.com/realm/realm-swift.git",
      "state" : {
        "branch" : "master",
        "revision" : "7e4a5c4a69458714df441898d41d253bbf22dc19"
      }
    },
    {
      "identity" : "swift-macros",
      "kind" : "remoteSourceControl",
      "location" : "https://github.com/bernndr/swift-macros.git",
      "state" : {
        "branch" : "main",
        "revision" : "8fd2a351d337ed22de523795c90a7ffb265261d1"
      }
    },
    {
      "identity" : "swift-syntax",
      "kind" : "remoteSourceControl",
      "location" : "https://github.com/apple/swift-syntax.git",
      "state" : {
        "revision" : "6ad4ea24b01559dde0773e3d091f1b9e36175036",
        "version" : "509.0.2"
      }
    },
    {
      "identity" : "swiftui-shimmer",
      "kind" : "remoteSourceControl",
      "location" : "https://github.com/markiv/SwiftUI-Shimmer.git",
      "state" : {
        "revision" : "1f3a620e4abe890d00008cb2af7023d810b433a7",
        "version" : "1.4.0"
      }
    }
  ],
  "version" : 2
}
